
Microsoft Visual Studio Solution File, Format Version 12.00
# Visual Studio 15
VisualStudioVersion = 15.0.27428.2011
MinimumVisualStudioVersion = 10.0.40219.1
Project("{FAE04EC0-301F-11D3-BF4B-00C04F79EFBC}") = "week5_hw", "week5_hw\week5_hw.csproj", "{31997552-A115-4E62-BEA9-6D823571742C}"
EndProject
Global
	GlobalSection(SolutionConfigurationPlatforms) = preSolution
		Debug|Any CPU = Debug|Any CPU
		Release|Any CPU = Release|Any CPU
	EndGlobalSection
	GlobalSection(ProjectConfigurationPlatforms) = postSolution
		{31997552-A115-4E62-BEA9-6D823571742C}.Debug|Any CPU.ActiveCfg = Debug|Any CPU
		{31997552-A115-4E62-BEA9-6D823571742C}.Debug|Any CPU.Build.0 = Debug|Any CPU
		{31997552-A115-4E62-BEA9-6D823571742C}.Release|Any CPU.ActiveCfg = Release|Any CPU
		{31997552-A115-4E62-BEA9-6D823571742C}.Release|Any CPU.Build.0 = Release|Any CPU
	EndGlobalSection
	GlobalSection(SolutionProperties) = preSolution
		HideSolutionNode = FALSE
	EndGlobalSection
	GlobalSection(ExtensibilityGlobals) = postSolution
		SolutionGuid = {10BDB68A-A177-4A5E-ADED-C16C1F3CE927}
	EndGlobalSection
EndGlobal
